// !$*UTF8*$!
{
	archiveVersion = 1;
	classes = {
	};
	objectVersion = 46;
	objects = {

/* Begin PBXBuildFile section */
		6BBCCCA81F18BA5600556D07 /* main.m in Sources */ = {isa = PBXBuildFile; fileRef = 6BBCCCA71F18BA5600556D07 /* main.m */; };
		6BBCCCAB1F18BA5600556D07 /* AppDelegate.m in Sources */ = {isa = PBXBuildFile; fileRef = 6BBCCCAA1F18BA5600556D07 /* AppDelegate.m */; };
		6BBCCCAE1F18BA5600556D07 /* LabelBorderAnimationVC.m in Sources */ = {isa = PBXBuildFile; fileRef = 6BBCCCAD1F18BA5600556D07 /* LabelBorderAnimationVC.m */; };
		6BBCCCB11F18BA5600556D07 /* Main.storyboard in Resources */ = {isa = PBXBuildFile; fileRef = 6BBCCCAF1F18BA5600556D07 /* Main.storyboard */; };
		6BBCCCB31F18BA5600556D07 /* Assets.xcassets in Resources */ = {isa = PBXBuildFile; fileRef = 6BBCCCB21F18BA5600556D07 /* Assets.xcassets */; };
		6BBCCCB61F18BA5600556D07 /* LaunchScreen.storyboard in Resources */ = {isa = PBXBuildFile; fileRef = 6BBCCCB41F18BA5600556D07 /* LaunchScreen.storyboard */; };
		6BCE856B1F1B7586003B4620 /* TextCVCell.swift in Sources */ = {isa = PBXBuildFile; fileRef = 6BCE856A1F1B7586003B4620 /* TextCVCell.swift */; };
		6BE673061F1C9804003D3618 /* MenuViewController.swift in Sources */ = {isa = PBXBuildFile; fileRef = 6BE673051F1C9804003D3618 /* MenuViewController.swift */; };
		6BE673081F1CC9CF003D3618 /* CustomBorderViewVC.swift in Sources */ = {isa = PBXBuildFile; fileRef = 6BE673071F1CC9CF003D3618 /* CustomBorderViewVC.swift */; };
		6BE6730A1F1CD433003D3618 /* SemiCircularBorderView.swift in Sources */ = {isa = PBXBuildFile; fileRef = 6BE673091F1CD433003D3618 /* SemiCircularBorderView.swift */; };
		6BEC37941F1A9DD30009DF10 /* Model.m in Sources */ = {isa = PBXBuildFile; fileRef = 6BEC37931F1A9DD30009DF10 /* Model.m */; };
		6BEC37971F1A9DFA0009DF10 /* SwiftViewController.swift in Sources */ = {isa = PBXBuildFile; fileRef = 6BEC37961F1A9DFA0009DF10 /* SwiftViewController.swift */; };
/* End PBXBuildFile section */

/* Begin PBXFileReference section */
		6BBCCCA31F18BA5600556D07 /* Innovations.app */ = {isa = PBXFileReference; explicitFileType = wrapper.application; includeInIndex = 0; path = Innovations.app; sourceTree = BUILT_PRODUCTS_DIR; };
		6BBCCCA71F18BA5600556D07 /* main.m */ = {isa = PBXFileReference; lastKnownFileType = sourcecode.c.objc; path = main.m; sourceTree = "<group>"; };
		6BBCCCA91F18BA5600556D07 /* AppDelegate.h */ = {isa = PBXFileReference; lastKnownFileType = sourcecode.c.h; path = AppDelegate.h; sourceTree = "<group>"; };
		6BBCCCAA1F18BA5600556D07 /* AppDelegate.m */ = {isa = PBXFileReference; lastKnownFileType = sourcecode.c.objc; path = AppDelegate.m; sourceTree = "<group>"; };
		6BBCCCAC1F18BA5600556D07 /* LabelBorderAnimationVC.h */ = {isa = PBXFileReference; lastKnownFileType = sourcecode.c.h; path = LabelBorderAnimationVC.h; sourceTree = "<group>"; };
		6BBCCCAD1F18BA5600556D07 /* LabelBorderAnimationVC.m */ = {isa = PBXFileReference; lastKnownFileType = sourcecode.c.objc; path = LabelBorderAnimationVC.m; sourceTree = "<group>"; };
		6BBCCCB01F18BA5600556D07 /* Base */ = {isa = PBXFileReference; lastKnownFileType = file.storyboard; name = Base; path = Base.lproj/Main.storyboard; sourceTree = "<group>"; };
		6BBCCCB21F18BA5600556D07 /* Assets.xcassets */ = {isa = PBXFileReference; lastKnownFileType = folder.assetcatalog; path = Assets.xcassets; sourceTree = "<group>"; };
		6BBCCCB51F18BA5600556D07 /* Base */ = {isa = PBXFileReference; lastKnownFileType = file.storyboard; name = Base; path = Base.lproj/LaunchScreen.storyboard; sourceTree = "<group>"; };
		6BBCCCB71F18BA5600556D07 /* Info.plist */ = {isa = PBXFileReference; lastKnownFileType = text.plist.xml; path = Info.plist; sourceTree = "<group>"; };
		6BCE856A1F1B7586003B4620 /* TextCVCell.swift */ = {isa = PBXFileReference; fileEncoding = 4; lastKnownFileType = sourcecode.swift; path = TextCVCell.swift; sourceTree = "<group>"; };
		6BE673051F1C9804003D3618 /* MenuViewController.swift */ = {isa = PBXFileReference; fileEncoding = 4; lastKnownFileType = sourcecode.swift; path = MenuViewController.swift; sourceTree = "<group>"; };
		6BE673071F1CC9CF003D3618 /* CustomBorderViewVC.swift */ = {isa = PBXFileReference; fileEncoding = 4; lastKnownFileType = sourcecode.swift; path = CustomBorderViewVC.swift; sourceTree = "<group>"; };
		6BE673091F1CD433003D3618 /* SemiCircularBorderView.swift */ = {isa = PBXFileReference; fileEncoding = 4; lastKnownFileType = sourcecode.swift; path = SemiCircularBorderView.swift; sourceTree = "<group>"; };
		6BEC37921F1A9DD30009DF10 /* Model.h */ = {isa = PBXFileReference; fileEncoding = 4; lastKnownFileType = sourcecode.c.h; path = Model.h; sourceTree = "<group>"; };
		6BEC37931F1A9DD30009DF10 /* Model.m */ = {isa = PBXFileReference; fileEncoding = 4; lastKnownFileType = sourcecode.c.objc; path = Model.m; sourceTree = "<group>"; };
		6BEC37951F1A9DF90009DF10 /* Innovations-Bridging-Header.h */ = {isa = PBXFileReference; lastKnownFileType = sourcecode.c.h; path = "Innovations-Bridging-Header.h"; sourceTree = "<group>"; };
		6BEC37961F1A9DFA0009DF10 /* SwiftViewController.swift */ = {isa = PBXFileReference; fileEncoding = 4; lastKnownFileType = sourcecode.swift; path = SwiftViewController.swift; sourceTree = "<group>"; };
/* End PBXFileReference section */

/* Begin PBXFrameworksBuildPhase section */
		6BBCCCA01F18BA5600556D07 /* Frameworks */ = {
			isa = PBXFrameworksBuildPhase;
			buildActionMask = 2147483647;
			files = (
			);
			runOnlyForDeploymentPostprocessing = 0;
		};
/* End PBXFrameworksBuildPhase section */

/* Begin PBXGroup section */
		6BBCCC9A1F18BA5600556D07 = {
			isa = PBXGroup;
			children = (
				6BBCCCA51F18BA5600556D07 /* Innovations */,
				6BBCCCA41F18BA5600556D07 /* Products */,
			);
			sourceTree = "<group>";
		};
		6BBCCCA41F18BA5600556D07 /* Products */ = {
			isa = PBXGroup;
			children = (
				6BBCCCA31F18BA5600556D07 /* Innovations.app */,
			);
			name = Products;
			sourceTree = "<group>";
		};
		6BBCCCA51F18BA5600556D07 /* Innovations */ = {
			isa = PBXGroup;
			children = (
				6BBCCCA91F18BA5600556D07 /* AppDelegate.h */,
				6BBCCCAA1F18BA5600556D07 /* AppDelegate.m */,
				6BBCCCAC1F18BA5600556D07 /* LabelBorderAnimationVC.h */,
				6BBCCCAD1F18BA5600556D07 /* LabelBorderAnimationVC.m */,
				6BBCCCAF1F18BA5600556D07 /* Main.storyboard */,
				6BBCCCB21F18BA5600556D07 /* Assets.xcassets */,
				6BBCCCB41F18BA5600556D07 /* LaunchScreen.storyboard */,
				6BBCCCB71F18BA5600556D07 /* Info.plist */,
				6BBCCCA61F18BA5600556D07 /* Supporting Files */,
				6BEC37921F1A9DD30009DF10 /* Model.h */,
				6BEC37931F1A9DD30009DF10 /* Model.m */,
				6BEC37961F1A9DFA0009DF10 /* SwiftViewController.swift */,
				6BEC37951F1A9DF90009DF10 /* Innovations-Bridging-Header.h */,
				6BCE856A1F1B7586003B4620 /* TextCVCell.swift */,
				6BE673051F1C9804003D3618 /* MenuViewController.swift */,
				6BE673071F1CC9CF003D3618 /* CustomBorderViewVC.swift */,
				6BE673091F1CD433003D3618 /* SemiCircularBorderView.swift */,
			);
			path = Innovations;
			sourceTree = "<group>";
		};
		6BBCCCA61F18BA5600556D07 /* Supporting Files */ = {
			isa = PBXGroup;
			children = (
				6BBCCCA71F18BA5600556D07 /* main.m */,
			);
			name = "Supporting Files";
			sourceTree = "<group>";
		};
/* End PBXGroup section */

/* Begin PBXNativeTarget section */
		6BBCCCA21F18BA5600556D07 /* Innovations */ = {
			isa = PBXNativeTarget;
			buildConfigurationList = 6BBCCCBA1F18BA5600556D07 /* Build configuration list for PBXNativeTarget "Innovations" */;
			buildPhases = (
				6BBCCC9F1F18BA5600556D07 /* Sources */,
				6BBCCCA01F18BA5600556D07 /* Frameworks */,
				6BBCCCA11F18BA5600556D07 /* Resources */,
			);
			buildRules = (
			);
			dependencies = (
			);
			name = Innovations;
			productName = Innovations;
			productReference = 6BBCCCA31F18BA5600556D07 /* Innovations.app */;
			productType = "com.apple.product-type.application";
		};
/* End PBXNativeTarget section */

/* Begin PBXProject section */
		6BBCCC9B1F18BA5600556D07 /* Project object */ = {
			isa = PBXProject;
			attributes = {
				LastUpgradeCheck = 0830;
				ORGANIZATIONNAME = Afsha;
				TargetAttributes = {
					6BBCCCA21F18BA5600556D07 = {
						CreatedOnToolsVersion = 8.3.2;
						LastSwiftMigration = 0830;
						ProvisioningStyle = Manual;
					};
				};
			};
			buildConfigurationList = 6BBCCC9E1F18BA5600556D07 /* Build configuration list for PBXProject "Innovations" */;
			compatibilityVersion = "Xcode 3.2";
			developmentRegion = English;
			hasScannedForEncodings = 0;
			knownRegions = (
				en,
				Base,
			);
			mainGroup = 6BBCCC9A1F18BA5600556D07;
			productRefGroup = 6BBCCCA41F18BA5600556D07 /* Products */;
			projectDirPath = "";
			projectRoot = "";
			targets = (
				6BBCCCA21F18BA5600556D07 /* Innovations */,
			);
		};
/* End PBXProject section */

/* Begin PBXResourcesBuildPhase section */
		6BBCCCA11F18BA5600556D07 /* Resources */ = {
			isa = PBXResourcesBuildPhase;
			buildActionMask = 2147483647;
			files = (
				6BBCCCB61F18BA5600556D07 /* LaunchScreen.storyboard in Resources */,
				6BBCCCB31F18BA5600556D07 /* Assets.xcassets in Resources */,
				6BBCCCB11F18BA5600556D07 /* Main.storyboard in Resources */,
			);
			runOnlyForDeploymentPostprocessing = 0;
		};
/* End PBXResourcesBuildPhase section */

/* Begin PBXSourcesBuildPhase section */
		6BBCCC9F1F18BA5600556D07 /* Sources */ = {
			isa = PBXSourcesBuildPhase;
			buildActionMask = 2147483647;
			files = (
				6BE673081F1CC9CF003D3618 /* CustomBorderViewVC.swift in Sources */,
				6BBCCCAE1F18BA5600556D07 /* LabelBorderAnimationVC.m in Sources */,
				6BCE856B1F1B7586003B4620 /* TextCVCell.swift in Sources */,
				6BBCCCAB1F18BA5600556D07 /* AppDelegate.m in Sources */,
				6BE673061F1C9804003D3618 /* MenuViewController.swift in Sources */,
				6BBCCCA81F18BA5600556D07 /* main.m in Sources */,
				6BEC37971F1A9DFA0009DF10 /* SwiftViewController.swift in Sources */,
				6BEC37941F1A9DD30009DF10 /* Model.m in Sources */,
				6BE6730A1F1CD433003D3618 /* SemiCircularBorderView.swift in Sources */,
			);
			runOnlyForDeploymentPostprocessing = 0;
		};
/* End PBXSourcesBuildPhase section */

/* Begin PBXVariantGroup section */
		6BBCCCAF1F18BA5600556D07 /* Main.storyboard */ = {
			isa = PBXVariantGroup;
			children = (
				6BBCCCB01F18BA5600556D07 /* Base */,
			);
			name = Main.storyboard;
			sourceTree = "<group>";
		};
		6BBCCCB41F18BA5600556D07 /* LaunchScreen.storyboard */ = {
			isa = PBXVariantGroup;
			children = (
				6BBCCCB51F18BA5600556D07 /* Base */,
			);
			name = LaunchScreen.storyboard;
			sourceTree = "<group>";
		};
/* End PBXVariantGroup section */

/* Begin XCBuildConfiguration section */
		6BBCCCB81F18BA5600556D07 /* Debug */ = {
			isa = XCBuildConfiguration;
			buildSettings = {
				ALWAYS_SEARCH_USER_PATHS = NO;
				CLANG_ANALYZER_NONNULL = YES;
				CLANG_ANALYZER_NUMBER_OBJECT_CONVERSION = YES_AGGRESSIVE;
				CLANG_CXX_LANGUAGE_STANDARD = "gnu++0x";
				CLANG_CXX_LIBRARY = "libc++";
				CLANG_ENABLE_MODULES = YES;
				CLANG_ENABLE_OBJC_ARC = YES;
				CLANG_WARN_BOOL_CONVERSION = YES;
				CLANG_WARN_CONSTANT_CONVERSION = YES;
				CLANG_WARN_DIRECT_OBJC_ISA_USAGE = YES_ERROR;
				CLANG_WARN_DOCUMENTATION_COMMENTS = YES;
				CLANG_WARN_EMPTY_BODY = YES;
				CLANG_WARN_ENUM_CONVERSION = YES;
				CLANG_WARN_INFINITE_RECURSION = YES;
				CLANG_WARN_INT_CONVERSION = YES;
				CLANG_WARN_OBJC_ROOT_CLASS = YES_ERROR;
				CLANG_WARN_SUSPICIOUS_MOVE = YES;
				CLANG_WARN_UNREACHABLE_CODE = YES;
				CLANG_WARN__DUPLICATE_METHOD_MATCH = YES;
				"CODE_SIGN_IDENTITY[sdk=iphoneos*]" = "iPhone Developer";
				COPY_PHASE_STRIP = NO;
				DEBUG_INFORMATION_FORMAT = dwarf;
				DEFINES_MODULE = YES;
				ENABLE_STRICT_OBJC_MSGSEND = YES;
				ENABLE_TESTABILITY = YES;
				GCC_C_LANGUAGE_STANDARD = gnu99;
				GCC_DYNAMIC_NO_PIC = NO;
				GCC_NO_COMMON_BLOCKS = YES;
				GCC_OPTIMIZATION_LEVEL = 0;
				GCC_PREPROCESSOR_DEFINITIONS = (
					"DEBUG=1",
					"$(inherited)",
				);
				GCC_WARN_64_TO_32_BIT_CONVERSION = YES;
				GCC_WARN_ABOUT_RETURN_TYPE = YES_ERROR;
				GCC_WARN_UNDECLARED_SELECTOR = YES;
				GCC_WARN_UNINITIALIZED_AUTOS = YES_AGGRESSIVE;
				GCC_WARN_UNUSED_FUNCTION = YES;
				GCC_WARN_UNUSED_VARIABLE = YES;
				IPHONEOS_DEPLOYMENT_TARGET = 10.3;
				MTL_ENABLE_DEBUG_INFO = YES;
				ONLY_ACTIVE_ARCH = YES;
				PRODUCT_MODULE_NAME = Innovations;
				SDKROOT = iphoneos;
				TARGETED_DEVICE_FAMILY = "1,2";
			};
			name = Debug;
		};
		6BBCCCB91F18BA5600556D07 /* Release */ = {
			isa = XCBuildConfiguration;
			buildSettings = {
				ALWAYS_SEARCH_USER_PATHS = NO;
				CLANG_ANALYZER_NONNULL = YES;
				CLANG_ANALYZER_NUMBER_OBJECT_CONVERSION = YES_AGGRESSIVE;
				CLANG_CXX_LANGUAGE_STANDARD = "gnu++0x";
				CLANG_CXX_LIBRARY = "libc++";
				CLANG_ENABLE_MODULES = YES;
				CLANG_ENABLE_OBJC_ARC = YES;
				CLANG_WARN_BOOL_CONVERSION = YES;
				CLANG_WARN_CONSTANT_CONVERSION = YES;
				CLANG_WARN_DIRECT_OBJC_ISA_USAGE = YES_ERROR;
				CLANG_WARN_DOCUMENTATION_COMMENTS = YES;
				CLANG_WARN_EMPTY_BODY = YES;
				CLANG_WARN_ENUM_CONVERSION = YES;
				CLANG_WARN_INFINITE_RECURSION = YES;
				CLANG_WARN_INT_CONVERSION = YES;
				CLANG_WARN_OBJC_ROOT_CLASS = YES_ERROR;
				CLANG_WARN_SUSPICIOUS_MOVE = YES;
				CLANG_WARN_UNREACHABLE_CODE = YES;
				CLANG_WARN__DUPLICATE_METHOD_MATCH = YES;
				"CODE_SIGN_IDENTITY[sdk=iphoneos*]" = "iPhone Developer";
				COPY_PHASE_STRIP = NO;
				DEBUG_INFORMATION_FORMAT = "dwarf-with-dsym";
				DEFINES_MODULE = YES;
				ENABLE_NS_ASSERTIONS = NO;
				ENABLE_STRICT_OBJC_MSGSEND = YES;
				GCC_C_LANGUAGE_STANDARD = gnu99;
				GCC_NO_COMMON_BLOCKS = YES;
				GCC_WARN_64_TO_32_BIT_CONVERSION = YES;
				GCC_WARN_ABOUT_RETURN_TYPE = YES_ERROR;
				GCC_WARN_UNDECLARED_SELECTOR = YES;
				GCC_WARN_UNINITIALIZED_AUTOS = YES_AGGRESSIVE;
				GCC_WARN_UNUSED_FUNCTION = YES;
				GCC_WARN_UNUSED_VARIABLE = YES;
				IPHONEOS_DEPLOYMENT_TARGET = 10.3;
				MTL_ENABLE_DEBUG_INFO = NO;
				PRODUCT_MODULE_NAME = Innovations;
				SDKROOT = iphoneos;
				TARGETED_DEVICE_FAMILY = "1,2";
				VALIDATE_PRODUCT = YES;
			};
			name = Release;
		};
		6BBCCCBB1F18BA5600556D07 /* Debug */ = {
			isa = XCBuildConfiguration;
			buildSettings = {
				ASSETCATALOG_COMPILER_APPICON_NAME = AppIcon;
				CLANG_ENABLE_MODULES = YES;
				DEVELOPMENT_TEAM = "";
				INFOPLIST_FILE = Innovations/Info.plist;
				LD_RUNPATH_SEARCH_PATHS = "$(inherited) @executable_path/Frameworks";
				PRODUCT_BUNDLE_IDENTIFIER = com.afsha.Innovations;
				PRODUCT_NAME = "$(TARGET_NAME)";
				PROVISIONING_PROFILE_SPECIFIER = "";
				SWIFT_OBJC_BRIDGING_HEADER = "Innovations/Innovations-Bridging-Header.h";
				SWIFT_OPTIMIZATION_LEVEL = "-Onone";
				SWIFT_VERSION = 3.0;
			};
			name = Debug;
		};
		6BBCCCBC1F18BA5600556D07 /* Release */ = {
			isa = XCBuildConfiguration;
			buildSettings = {
				ASSETCATALOG_COMPILER_APPICON_NAME = AppIcon;
				CLANG_ENABLE_MODULES = YES;
				DEVELOPMENT_TEAM = "";
				INFOPLIST_FILE = Innovations/Info.plist;
				LD_RUNPATH_SEARCH_PATHS = "$(inherited) @executable_path/Frameworks";
				PRODUCT_BUNDLE_IDENTIFIER = com.afsha.Innovations;
				PRODUCT_NAME = "$(TARGET_NAME)";
				PROVISIONING_PROFILE_SPECIFIER = "";
				SWIFT_OBJC_BRIDGING_HEADER = "Innovations/Innovations-Bridging-Header.h";
				SWIFT_VERSION = 3.0;
			};
			name = Release;
		};
/* End XCBuildConfiguration section */

/* Begin XCConfigurationList section */
		6BBCCC9E1F18BA5600556D07 /* Build configuration list for PBXProject "Innovations" */ = {
			isa = XCConfigurationList;
			buildConfigurations = (
				6BBCCCB81F18BA5600556D07 /* Debug */,
				6BBCCCB91F18BA5600556D07 /* Release */,
			);
			defaultConfigurationIsVisible = 0;
			defaultConfigurationName = Release;
		};
		6BBCCCBA1F18BA5600556D07 /* Build configuration list for PBXNativeTarget "Innovations" */ = {
			isa = XCConfigurationList;
			buildConfigurations = (
				6BBCCCBB1F18BA5600556D07 /* Debug */,
				6BBCCCBC1F18BA5600556D07 /* Release */,
			);
			defaultConfigurationIsVisible = 0;
			defaultConfigurationName = Release;
		};
/* End XCConfigurationList section */
	};
	rootObject = 6BBCCC9B1F18BA5600556D07 /* Project object */;
}
